
Microsoft Visual Studio Solution File, Format Version 12.00
# Visual Studio Version 16
VisualStudioVersion = 25.0.1706.12
MinimumVisualStudioVersion = 10.0.40219.1
Project("{2150E333-8FDC-42A3-9474-1A3956D46DE8}") = "Core", "Core", "{1FE40285-BCDF-49FC-A331-2E6C8D7477B3}"
EndProject
Project("{2150E333-8FDC-42A3-9474-1A3956D46DE8}") = "Infrastructure", "Infrastructure", "{79488540-0B58-48B1-B2D9-DCE9F89B010F}"
EndProject
Project("{2150E333-8FDC-42A3-9474-1A3956D46DE8}") = "Presentation", "Presentation", "{41635055-48DE-48C6-8325-BA0960CD3E35}"
EndProject
Project("{FAE04EC0-301F-11D3-BF4B-00C04F79EFBC}") = "Domain", "Domain\Domain.csproj", "{E053D9A8-6035-4862-BD56-1228FC227227}"
EndProject
Project("{FAE04EC0-301F-11D3-BF4B-00C04F79EFBC}") = "ECommerceAPI.API", "ECommerceAPI.API\ECommerceAPI.API.csproj", "{5BEAADA5-C1E9-4E8E-B105-14D1927E5DF7}"
EndProject
Project("{FAE04EC0-301F-11D3-BF4B-00C04F79EFBC}") = "Application", "Application\Application.csproj", "{E604AD30-EE30-4F94-AD94-B994F9051A53}"
EndProject
Project("{FAE04EC0-301F-11D3-BF4B-00C04F79EFBC}") = "Infrastructure", "Infrastructure\Infrastructure.csproj", "{20822A19-A296-430F-8894-DFDBB2FBE420}"
EndProject
Project("{FAE04EC0-301F-11D3-BF4B-00C04F79EFBC}") = "Persistence", "Persistence \Persistence.csproj", "{3AE7B79C-968E-4685-9818-979A184F8B11}"
EndProject
Project("{FAE04EC0-301F-11D3-BF4B-00C04F79EFBC}") = "ECommerceAPI.Tests.Unit", "ECommerceAPI.Tests.Unit\ECommerceAPI.Tests.Unit.csproj", "{7AD19D9F-BAAD-445F-A5FB-20EDB7FCDF39}"
EndProject
Project("{2150E333-8FDC-42A3-9474-1A3956D46DE8}") = "Tests", "Tests", "{80708BBF-15E7-4D90-8C5E-EED320D5D202}"
EndProject
Global
	GlobalSection(SolutionConfigurationPlatforms) = preSolution
		Debug|Any CPU = Debug|Any CPU
		Release|Any CPU = Release|Any CPU
	EndGlobalSection
	GlobalSection(ProjectConfigurationPlatforms) = postSolution
		{E053D9A8-6035-4862-BD56-1228FC227227}.Debug|Any CPU.ActiveCfg = Debug|Any CPU
		{E053D9A8-6035-4862-BD56-1228FC227227}.Debug|Any CPU.Build.0 = Debug|Any CPU
		{E053D9A8-6035-4862-BD56-1228FC227227}.Release|Any CPU.ActiveCfg = Release|Any CPU
		{E053D9A8-6035-4862-BD56-1228FC227227}.Release|Any CPU.Build.0 = Release|Any CPU
		{5BEAADA5-C1E9-4E8E-B105-14D1927E5DF7}.Debug|Any CPU.ActiveCfg = Debug|Any CPU
		{5BEAADA5-C1E9-4E8E-B105-14D1927E5DF7}.Debug|Any CPU.Build.0 = Debug|Any CPU
		{5BEAADA5-C1E9-4E8E-B105-14D1927E5DF7}.Release|Any CPU.ActiveCfg = Release|Any CPU
		{5BEAADA5-C1E9-4E8E-B105-14D1927E5DF7}.Release|Any CPU.Build.0 = Release|Any CPU
		{E604AD30-EE30-4F94-AD94-B994F9051A53}.Debug|Any CPU.ActiveCfg = Debug|Any CPU
		{E604AD30-EE30-4F94-AD94-B994F9051A53}.Debug|Any CPU.Build.0 = Debug|Any CPU
		{E604AD30-EE30-4F94-AD94-B994F9051A53}.Release|Any CPU.ActiveCfg = Release|Any CPU
		{E604AD30-EE30-4F94-AD94-B994F9051A53}.Release|Any CPU.Build.0 = Release|Any CPU
		{20822A19-A296-430F-8894-DFDBB2FBE420}.Debug|Any CPU.ActiveCfg = Debug|Any CPU
		{20822A19-A296-430F-8894-DFDBB2FBE420}.Debug|Any CPU.Build.0 = Debug|Any CPU
		{20822A19-A296-430F-8894-DFDBB2FBE420}.Release|Any CPU.ActiveCfg = Release|Any CPU
		{20822A19-A296-430F-8894-DFDBB2FBE420}.Release|Any CPU.Build.0 = Release|Any CPU
		{3AE7B79C-968E-4685-9818-979A184F8B11}.Debug|Any CPU.ActiveCfg = Debug|Any CPU
		{3AE7B79C-968E-4685-9818-979A184F8B11}.Debug|Any CPU.Build.0 = Debug|Any CPU
		{3AE7B79C-968E-4685-9818-979A184F8B11}.Release|Any CPU.ActiveCfg = Release|Any CPU
		{3AE7B79C-968E-4685-9818-979A184F8B11}.Release|Any CPU.Build.0 = Release|Any CPU
		{7AD19D9F-BAAD-445F-A5FB-20EDB7FCDF39}.Debug|Any CPU.ActiveCfg = Debug|Any CPU
		{7AD19D9F-BAAD-445F-A5FB-20EDB7FCDF39}.Debug|Any CPU.Build.0 = Debug|Any CPU
		{7AD19D9F-BAAD-445F-A5FB-20EDB7FCDF39}.Release|Any CPU.ActiveCfg = Release|Any CPU
		{7AD19D9F-BAAD-445F-A5FB-20EDB7FCDF39}.Release|Any CPU.Build.0 = Release|Any CPU
	EndGlobalSection
	GlobalSection(SolutionProperties) = preSolution
		HideSolutionNode = FALSE
	EndGlobalSection
	GlobalSection(ExtensibilityGlobals) = postSolution
		SolutionGuid = {7EB17D48-BF6F-4F50-B8F7-81944E5BCFF9}
	EndGlobalSection
	GlobalSection(NestedProjects) = preSolution
		{E053D9A8-6035-4862-BD56-1228FC227227} = {1FE40285-BCDF-49FC-A331-2E6C8D7477B3}
		{5BEAADA5-C1E9-4E8E-B105-14D1927E5DF7} = {41635055-48DE-48C6-8325-BA0960CD3E35}
		{E604AD30-EE30-4F94-AD94-B994F9051A53} = {1FE40285-BCDF-49FC-A331-2E6C8D7477B3}
		{20822A19-A296-430F-8894-DFDBB2FBE420} = {79488540-0B58-48B1-B2D9-DCE9F89B010F}
		{3AE7B79C-968E-4685-9818-979A184F8B11} = {79488540-0B58-48B1-B2D9-DCE9F89B010F}
		{7AD19D9F-BAAD-445F-A5FB-20EDB7FCDF39} = {80708BBF-15E7-4D90-8C5E-EED320D5D202}
	EndGlobalSection
EndGlobal
